// !$*UTF8*$!
{
	archiveVersion = 1;
	classes = {
	};
	objectVersion = 46;
	objects = {

/* Begin PBXBuildFile section */
		0B31EF65C8A7C23A631AE324 /* Pods_TestUITests.framework in Frameworks */ = {isa = PBXBuildFile; fileRef = D40685CDF762C416D0D21CF0 /* Pods_TestUITests.framework */; };
		231CC0DC1C9D357FB257D938 /* Pods_Test.framework in Frameworks */ = {isa = PBXBuildFile; fileRef = 414F4AE564C921A8BBC0AE49 /* Pods_Test.framework */; };
		3E1706EF1E112FBC008C1CD0 /* AppDelegate.swift in Sources */ = {isa = PBXBuildFile; fileRef = 3E1706EE1E112FBC008C1CD0 /* AppDelegate.swift */; };
		3E1706F11E112FBC008C1CD0 /* ViewController.swift in Sources */ = {isa = PBXBuildFile; fileRef = 3E1706F01E112FBC008C1CD0 /* ViewController.swift */; };
		3E1706F41E112FBC008C1CD0 /* Main.storyboard in Resources */ = {isa = PBXBuildFile; fileRef = 3E1706F21E112FBC008C1CD0 /* Main.storyboard */; };
		3E1706F61E112FBC008C1CD0 /* Assets.xcassets in Resources */ = {isa = PBXBuildFile; fileRef = 3E1706F51E112FBC008C1CD0 /* Assets.xcassets */; };
		3E1706F91E112FBC008C1CD0 /* LaunchScreen.storyboard in Resources */ = {isa = PBXBuildFile; fileRef = 3E1706F71E112FBC008C1CD0 /* LaunchScreen.storyboard */; };
		3E1707041E112FBC008C1CD0 /* TestTests.swift in Sources */ = {isa = PBXBuildFile; fileRef = 3E1707031E112FBC008C1CD0 /* TestTests.swift */; };
		3E17070F1E112FBC008C1CD0 /* TestUITests.swift in Sources */ = {isa = PBXBuildFile; fileRef = 3E17070E1E112FBC008C1CD0 /* TestUITests.swift */; };
		9200F31FA0E21238620E5074 /* Pods_TestTests.framework in Frameworks */ = {isa = PBXBuildFile; fileRef = 399C8090F3AD5B21B3551B16 /* Pods_TestTests.framework */; };
/* End PBXBuildFile section */

/* Begin PBXContainerItemProxy section */
		3E1707001E112FBC008C1CD0 /* PBXContainerItemProxy */ = {
			isa = PBXContainerItemProxy;
			containerPortal = 3E1706E31E112FBB008C1CD0 /* Project object */;
			proxyType = 1;
			remoteGlobalIDString = 3E1706EA1E112FBB008C1CD0;
			remoteInfo = Test;
		};
		3E17070B1E112FBC008C1CD0 /* PBXContainerItemProxy */ = {
			isa = PBXContainerItemProxy;
			containerPortal = 3E1706E31E112FBB008C1CD0 /* Project object */;
			proxyType = 1;
			remoteGlobalIDString = 3E1706EA1E112FBB008C1CD0;
			remoteInfo = Test;
		};
/* End PBXContainerItemProxy section */

/* Begin PBXFileReference section */
		2DA08E231B5F2FD27B2DA634 /* Pods-TestTests.release.xcconfig */ = {isa = PBXFileReference; includeInIndex = 1; lastKnownFileType = text.xcconfig; name = "Pods-TestTests.release.xcconfig"; path = "Pods/Target Support Files/Pods-TestTests/Pods-TestTests.release.xcconfig"; sourceTree = "<group>"; };
		399C8090F3AD5B21B3551B16 /* Pods_TestTests.framework */ = {isa = PBXFileReference; explicitFileType = wrapper.framework; includeInIndex = 0; path = Pods_TestTests.framework; sourceTree = BUILT_PRODUCTS_DIR; };
		3E1706EB1E112FBC008C1CD0 /* Test.app */ = {isa = PBXFileReference; explicitFileType = wrapper.application; includeInIndex = 0; path = Test.app; sourceTree = BUILT_PRODUCTS_DIR; };
		3E1706EE1E112FBC008C1CD0 /* AppDelegate.swift */ = {isa = PBXFileReference; lastKnownFileType = sourcecode.swift; path = AppDelegate.swift; sourceTree = "<group>"; };
		3E1706F01E112FBC008C1CD0 /* ViewController.swift */ = {isa = PBXFileReference; lastKnownFileType = sourcecode.swift; path = ViewController.swift; sourceTree = "<group>"; };
		3E1706F31E112FBC008C1CD0 /* Base */ = {isa = PBXFileReference; lastKnownFileType = file.storyboard; name = Base; path = Base.lproj/Main.storyboard; sourceTree = "<group>"; };
		3E1706F51E112FBC008C1CD0 /* Assets.xcassets */ = {isa = PBXFileReference; lastKnownFileType = folder.assetcatalog; path = Assets.xcassets; sourceTree = "<group>"; };
		3E1706F81E112FBC008C1CD0 /* Base */ = {isa = PBXFileReference; lastKnownFileType = file.storyboard; name = Base; path = Base.lproj/LaunchScreen.storyboard; sourceTree = "<group>"; };
		3E1706FA1E112FBC008C1CD0 /* Info.plist */ = {isa = PBXFileReference; lastKnownFileType = text.plist.xml; path = Info.plist; sourceTree = "<group>"; };
		3E1706FF1E112FBC008C1CD0 /* TestTests.xctest */ = {isa = PBXFileReference; explicitFileType = wrapper.cfbundle; includeInIndex = 0; path = TestTests.xctest; sourceTree = BUILT_PRODUCTS_DIR; };
		3E1707031E112FBC008C1CD0 /* TestTests.swift */ = {isa = PBXFileReference; lastKnownFileType = sourcecode.swift; path = TestTests.swift; sourceTree = "<group>"; };
		3E1707051E112FBC008C1CD0 /* Info.plist */ = {isa = PBXFileReference; lastKnownFileType = text.plist.xml; path = Info.plist; sourceTree = "<group>"; };
		3E17070A1E112FBC008C1CD0 /* TestUITests.xctest */ = {isa = PBXFileReference; explicitFileType = wrapper.cfbundle; includeInIndex = 0; path = TestUITests.xctest; sourceTree = BUILT_PRODUCTS_DIR; };
		3E17070E1E112FBC008C1CD0 /* TestUITests.swift */ = {isa = PBXFileReference; lastKnownFileType = sourcecode.swift; path = TestUITests.swift; sourceTree = "<group>"; };
		3E1707101E112FBC008C1CD0 /* Info.plist */ = {isa = PBXFileReference; lastKnownFileType = text.plist.xml; path = Info.plist; sourceTree = "<group>"; };
		414F4AE564C921A8BBC0AE49 /* Pods_Test.framework */ = {isa = PBXFileReference; explicitFileType = wrapper.framework; includeInIndex = 0; path = Pods_Test.framework; sourceTree = BUILT_PRODUCTS_DIR; };
		5F12A1535DA362609F2EF630 /* Pods-Test.debug.xcconfig */ = {isa = PBXFileReference; includeInIndex = 1; lastKnownFileType = text.xcconfig; name = "Pods-Test.debug.xcconfig"; path = "Pods/Target Support Files/Pods-Test/Pods-Test.debug.xcconfig"; sourceTree = "<group>"; };
		6AD08C140BDF9FB666A58F13 /* Pods-Test.release.xcconfig */ = {isa = PBXFileReference; includeInIndex = 1; lastKnownFileType = text.xcconfig; name = "Pods-Test.release.xcconfig"; path = "Pods/Target Support Files/Pods-Test/Pods-Test.release.xcconfig"; sourceTree = "<group>"; };
		AD798F3D26C6C4F2CF2EA6BC /* Pods-TestTests.debug.xcconfig */ = {isa = PBXFileReference; includeInIndex = 1; lastKnownFileType = text.xcconfig; name = "Pods-TestTests.debug.xcconfig"; path = "Pods/Target Support Files/Pods-TestTests/Pods-TestTests.debug.xcconfig"; sourceTree = "<group>"; };
		D2F96ECB98B57800BE5E94C7 /* Pods-TestUITests.debug.xcconfig */ = {isa = PBXFileReference; includeInIndex = 1; lastKnownFileType = text.xcconfig; name = "Pods-TestUITests.debug.xcconfig"; path = "Pods/Target Support Files/Pods-TestUITests/Pods-TestUITests.debug.xcconfig"; sourceTree = "<group>"; };
		D40685CDF762C416D0D21CF0 /* Pods_TestUITests.framework */ = {isa = PBXFileReference; explicitFileType = wrapper.framework; includeInIndex = 0; path = Pods_TestUITests.framework; sourceTree = BUILT_PRODUCTS_DIR; };
		D78A43745A675A01A18975BF /* Pods-TestUITests.release.xcconfig */ = {isa = PBXFileReference; includeInIndex = 1; lastKnownFileType = text.xcconfig; name = "Pods-TestUITests.release.xcconfig"; path = "Pods/Target Support Files/Pods-TestUITests/Pods-TestUITests.release.xcconfig"; sourceTree = "<group>"; };
/* End PBXFileReference section */

/* Begin PBXFrameworksBuildPhase section */
		3E1706E81E112FBB008C1CD0 /* Frameworks */ = {
			isa = PBXFrameworksBuildPhase;
			buildActionMask = 2147483647;
			files = (
				231CC0DC1C9D357FB257D938 /* Pods_Test.framework in Frameworks */,
			);
			runOnlyForDeploymentPostprocessing = 0;
		};
		3E1706FC1E112FBC008C1CD0 /* Frameworks */ = {
			isa = PBXFrameworksBuildPhase;
			buildActionMask = 2147483647;
			files = (
				9200F31FA0E21238620E5074 /* Pods_TestTests.framework in Frameworks */,
			);
			runOnlyForDeploymentPostprocessing = 0;
		};
		3E1707071E112FBC008C1CD0 /* Frameworks */ = {
			isa = PBXFrameworksBuildPhase;
			buildActionMask = 2147483647;
			files = (
				0B31EF65C8A7C23A631AE324 /* Pods_TestUITests.framework in Frameworks */,
			);
			runOnlyForDeploymentPostprocessing = 0;
		};
/* End PBXFrameworksBuildPhase section */

/* Begin PBXGroup section */
		3E1706E21E112FBB008C1CD0 = {
			isa = PBXGroup;
			children = (
				3E1706ED1E112FBC008C1CD0 /* Test */,
				3E1707021E112FBC008C1CD0 /* TestTests */,
				3E17070D1E112FBC008C1CD0 /* TestUITests */,
				3E1706EC1E112FBC008C1CD0 /* Products */,
				DCAC8FCB20F52411EE8CA485 /* Pods */,
				EA329CFCA48FD980EA646F73 /* Frameworks */,
			);
			sourceTree = "<group>";
		};
		3E1706EC1E112FBC008C1CD0 /* Products */ = {
			isa = PBXGroup;
			children = (
				3E1706EB1E112FBC008C1CD0 /* Test.app */,
				3E1706FF1E112FBC008C1CD0 /* TestTests.xctest */,
				3E17070A1E112FBC008C1CD0 /* TestUITests.xctest */,
			);
			name = Products;
			sourceTree = "<group>";
		};
		3E1706ED1E112FBC008C1CD0 /* Test */ = {
			isa = PBXGroup;
			children = (
				3E1706EE1E112FBC008C1CD0 /* AppDelegate.swift */,
				3E1706F01E112FBC008C1CD0 /* ViewController.swift */,
				3E1706F21E112FBC008C1CD0 /* Main.storyboard */,
				3E1706F51E112FBC008C1CD0 /* Assets.xcassets */,
				3E1706F71E112FBC008C1CD0 /* LaunchScreen.storyboard */,
				3E1706FA1E112FBC008C1CD0 /* Info.plist */,
			);
			path = Test;
			sourceTree = "<group>";
		};
		3E1707021E112FBC008C1CD0 /* TestTests */ = {
			isa = PBXGroup;
			children = (
				3E1707031E112FBC008C1CD0 /* TestTests.swift */,
				3E1707051E112FBC008C1CD0 /* Info.plist */,
			);
			path = TestTests;
			sourceTree = "<group>";
		};
		3E17070D1E112FBC008C1CD0 /* TestUITests */ = {
			isa = PBXGroup;
			children = (
				3E17070E1E112FBC008C1CD0 /* TestUITests.swift */,
				3E1707101E112FBC008C1CD0 /* Info.plist */,
			);
			path = TestUITests;
			sourceTree = "<group>";
		};
		DCAC8FCB20F52411EE8CA485 /* Pods */ = {
			isa = PBXGroup;
			children = (
				5F12A1535DA362609F2EF630 /* Pods-Test.debug.xcconfig */,
				6AD08C140BDF9FB666A58F13 /* Pods-Test.release.xcconfig */,
				AD798F3D26C6C4F2CF2EA6BC /* Pods-TestTests.debug.xcconfig */,
				2DA08E231B5F2FD27B2DA634 /* Pods-TestTests.release.xcconfig */,
				D2F96ECB98B57800BE5E94C7 /* Pods-TestUITests.debug.xcconfig */,
				D78A43745A675A01A18975BF /* Pods-TestUITests.release.xcconfig */,
			);
			name = Pods;
			sourceTree = "<group>";
		};
		EA329CFCA48FD980EA646F73 /* Frameworks */ = {
			isa = PBXGroup;
			children = (
				414F4AE564C921A8BBC0AE49 /* Pods_Test.framework */,
				399C8090F3AD5B21B3551B16 /* Pods_TestTests.framework */,
				D40685CDF762C416D0D21CF0 /* Pods_TestUITests.framework */,
			);
			name = Frameworks;
			sourceTree = "<group>";
		};
/* End PBXGroup section */

/* Begin PBXNativeTarget section */
		3E1706EA1E112FBB008C1CD0 /* Test */ = {
			isa = PBXNativeTarget;
			buildConfigurationList = 3E1707131E112FBC008C1CD0 /* Build configuration list for PBXNativeTarget "Test" */;
			buildPhases = (
				F430BC7D3D5734516F65EF59 /* [CP] Check Pods Manifest.lock */,
				3E1706E71E112FBB008C1CD0 /* Sources */,
				3E1706E81E112FBB008C1CD0 /* Frameworks */,
				3E1706E91E112FBB008C1CD0 /* Resources */,
				9D735DDB040E130099ACC41A /* [CP] Embed Pods Frameworks */,
				73250B53584E6B44C4C1E44D /* [CP] Copy Pods Resources */,
			);
			buildRules = (
			);
			dependencies = (
			);
			name = Test;
			productName = Test;
			productReference = 3E1706EB1E112FBC008C1CD0 /* Test.app */;
			productType = "com.apple.product-type.application";
		};
		3E1706FE1E112FBC008C1CD0 /* TestTests */ = {
			isa = PBXNativeTarget;
			buildConfigurationList = 3E1707161E112FBC008C1CD0 /* Build configuration list for PBXNativeTarget "TestTests" */;
			buildPhases = (
				477EEDEDFDDFBFAC3B25D031 /* [CP] Check Pods Manifest.lock */,
				3E1706FB1E112FBC008C1CD0 /* Sources */,
				3E1706FC1E112FBC008C1CD0 /* Frameworks */,
				3E1706FD1E112FBC008C1CD0 /* Resources */,
				3338EFE527C8834A2A6F5830 /* [CP] Embed Pods Frameworks */,
				68E9D89BB6DDB7DDA4326368 /* [CP] Copy Pods Resources */,
			);
			buildRules = (
			);
			dependencies = (
				3E1707011E112FBC008C1CD0 /* PBXTargetDependency */,
			);
			name = TestTests;
			productName = TestTests;
			productReference = 3E1706FF1E112FBC008C1CD0 /* TestTests.xctest */;
			productType = "com.apple.product-type.bundle.unit-test";
		};
		3E1707091E112FBC008C1CD0 /* TestUITests */ = {
			isa = PBXNativeTarget;
			buildConfigurationList = 3E1707191E112FBC008C1CD0 /* Build configuration list for PBXNativeTarget "TestUITests" */;
			buildPhases = (
				70B162F4F943B543976739F0 /* [CP] Check Pods Manifest.lock */,
				3E1707061E112FBC008C1CD0 /* Sources */,
				3E1707071E112FBC008C1CD0 /* Frameworks */,
				3E1707081E112FBC008C1CD0 /* Resources */,
				C5DCF736C61A2C7B3C94FE5B /* [CP] Embed Pods Frameworks */,
				99E8EB904118143742932947 /* [CP] Copy Pods Resources */,
			);
			buildRules = (
			);
			dependencies = (
				3E17070C1E112FBC008C1CD0 /* PBXTargetDependency */,
			);
			name = TestUITests;
			productName = TestUITests;
			productReference = 3E17070A1E112FBC008C1CD0 /* TestUITests.xctest */;
			productType = "com.apple.product-type.bundle.ui-testing";
		};
/* End PBXNativeTarget section */

/* Begin PBXProject section */
		3E1706E31E112FBB008C1CD0 /* Project object */ = {
			isa = PBXProject;
			attributes = {
				LastSwiftUpdateCheck = 0820;
				LastUpgradeCheck = 0820;
				ORGANIZATIONNAME = "Nime Furse";
				TargetAttributes = {
					3E1706EA1E112FBB008C1CD0 = {
						CreatedOnToolsVersion = 8.2.1;
						DevelopmentTeam = M3W4ZSSM93;
						ProvisioningStyle = Automatic;
					};
					3E1706FE1E112FBC008C1CD0 = {
						CreatedOnToolsVersion = 8.2.1;
						DevelopmentTeam = M3W4ZSSM93;
						ProvisioningStyle = Automatic;
						TestTargetID = 3E1706EA1E112FBB008C1CD0;
					};
					3E1707091E112FBC008C1CD0 = {
						CreatedOnToolsVersion = 8.2.1;
						DevelopmentTeam = M3W4ZSSM93;
						ProvisioningStyle = Automatic;
						TestTargetID = 3E1706EA1E112FBB008C1CD0;
					};
				};
			};
			buildConfigurationList = 3E1706E61E112FBB008C1CD0 /* Build configuration list for PBXProject "Test" */;
			compatibilityVersion = "Xcode 3.2";
			developmentRegion = English;
			hasScannedForEncodings = 0;
			knownRegions = (
				en,
				Base,
			);
			mainGroup = 3E1706E21E112FBB008C1CD0;
			productRefGroup = 3E1706EC1E112FBC008C1CD0 /* Products */;
			projectDirPath = "";
			projectRoot = "";
			targets = (
				3E1706EA1E112FBB008C1CD0 /* Test */,
				3E1706FE1E112FBC008C1CD0 /* TestTests */,
				3E1707091E112FBC008C1CD0 /* TestUITests */,
			);
		};
/* End PBXProject section */

/* Begin PBXResourcesBuildPhase section */
		3E1706E91E112FBB008C1CD0 /* Resources */ = {
			isa = PBXResourcesBuildPhase;
			buildActionMask = 2147483647;
			files = (
				3E1706F91E112FBC008C1CD0 /* LaunchScreen.storyboard in Resources */,
				3E1706F61E112FBC008C1CD0 /* Assets.xcassets in Resources */,
				3E1706F41E112FBC008C1CD0 /* Main.storyboard in Resources */,
			);
			runOnlyForDeploymentPostprocessing = 0;
		};
		3E1706FD1E112FBC008C1CD0 /* Resources */ = {
			isa = PBXResourcesBuildPhase;
			buildActionMask = 2147483647;
			files = (
			);
			runOnlyForDeploymentPostprocessing = 0;
		};
		3E1707081E112FBC008C1CD0 /* Resources */ = {
			isa = PBXResourcesBuildPhase;
			buildActionMask = 2147483647;
			files = (
			);
			runOnlyForDeploymentPostprocessing = 0;
		};
/* End PBXResourcesBuildPhase section */

/* Begin PBXShellScriptBuildPhase section */
		3338EFE527C8834A2A6F5830 /* [CP] Embed Pods Frameworks */ = {
			isa = PBXShellScriptBuildPhase;
			buildActionMask = 2147483647;
			files = (
			);
			inputPaths = (
			);
			name = "[CP] Embed Pods Frameworks";
			outputPaths = (
			);
			runOnlyForDeploymentPostprocessing = 0;
			shellPath = /bin/sh;
			shellScript = "\"${SRCROOT}/Pods/Target Support Files/Pods-TestTests/Pods-TestTests-frameworks.sh\"\n";
			showEnvVarsInLog = 0;
		};
		477EEDEDFDDFBFAC3B25D031 /* [CP] Check Pods Manifest.lock */ = {
			isa = PBXShellScriptBuildPhase;
			buildActionMask = 2147483647;
			files = (
			);
			inputPaths = (
			);
			name = "[CP] Check Pods Manifest.lock";
			outputPaths = (
			);
			runOnlyForDeploymentPostprocessing = 0;
			shellPath = /bin/sh;
			shellScript = "diff \"${PODS_ROOT}/../Podfile.lock\" \"${PODS_ROOT}/Manifest.lock\" > /dev/null\nif [ $? != 0 ] ; then\n    # print error to STDERR\n    echo \"error: The sandbox is not in sync with the Podfile.lock. Run 'pod install' or update your CocoaPods installation.\" >&2\n    exit 1\nfi\n";
			showEnvVarsInLog = 0;
		};
		68E9D89BB6DDB7DDA4326368 /* [CP] Copy Pods Resources */ = {
			isa = PBXShellScriptBuildPhase;
			buildActionMask = 2147483647;
			files = (
			);
			inputPaths = (
			);
			name = "[CP] Copy Pods Resources";
			outputPaths = (
			);
			runOnlyForDeploymentPostprocessing = 0;
			shellPath = /bin/sh;
			shellScript = "\"${SRCROOT}/Pods/Target Support Files/Pods-TestTests/Pods-TestTests-resources.sh\"\n";
			showEnvVarsInLog = 0;
		};
		70B162F4F943B543976739F0 /* [CP] Check Pods Manifest.lock */ = {
			isa = PBXShellScriptBuildPhase;
			buildActionMask = 2147483647;
			files = (
			);
			inputPaths = (
			);
			name = "[CP] Check Pods Manifest.lock";
			outputPaths = (
			);
			runOnlyForDeploymentPostprocessing = 0;
			shellPath = /bin/sh;
			shellScript = "diff \"${PODS_ROOT}/../Podfile.lock\" \"${PODS_ROOT}/Manifest.lock\" > /dev/null\nif [ $? != 0 ] ; then\n    # print error to STDERR\n    echo \"error: The sandbox is not in sync with the Podfile.lock. Run 'pod install' or update your CocoaPods installation.\" >&2\n    exit 1\nfi\n";
			showEnvVarsInLog = 0;
		};
		73250B53584E6B44C4C1E44D /* [CP] Copy Pods Resources */ = {
			isa = PBXShellScriptBuildPhase;
			buildActionMask = 2147483647;
			files = (
			);
			inputPaths = (
			);
			name = "[CP] Copy Pods Resources";
			outputPaths = (
			);
			runOnlyForDeploymentPostprocessing = 0;
			shellPath = /bin/sh;
			shellScript = "\"${SRCROOT}/Pods/Target Support Files/Pods-Test/Pods-Test-resources.sh\"\n";
			showEnvVarsInLog = 0;
		};
		99E8EB904118143742932947 /* [CP] Copy Pods Resources */ = {
			isa = PBXShellScriptBuildPhase;
			buildActionMask = 2147483647;
			files = (
			);
			inputPaths = (
			);
			name = "[CP] Copy Pods Resources";
			outputPaths = (
			);
			runOnlyForDeploymentPostprocessing = 0;
			shellPath = /bin/sh;
			shellScript = "\"${SRCROOT}/Pods/Target Support Files/Pods-TestUITests/Pods-TestUITests-resources.sh\"\n";
			showEnvVarsInLog = 0;
		};
		9D735DDB040E130099ACC41A /* [CP] Embed Pods Frameworks */ = {
			isa = PBXShellScriptBuildPhase;
			buildActionMask = 2147483647;
			files = (
			);
			inputPaths = (
			);
			name = "[CP] Embed Pods Frameworks";
			outputPaths = (
			);
			runOnlyForDeploymentPostprocessing = 0;
			shellPath = /bin/sh;
			shellScript = "\"${SRCROOT}/Pods/Target Support Files/Pods-Test/Pods-Test-frameworks.sh\"\n";
			showEnvVarsInLog = 0;
		};
		C5DCF736C61A2C7B3C94FE5B /* [CP] Embed Pods Frameworks */ = {
			isa = PBXShellScriptBuildPhase;
			buildActionMask = 2147483647;
			files = (
			);
			inputPaths = (
			);
			name = "[CP] Embed Pods Frameworks";
			outputPaths = (
			);
			runOnlyForDeploymentPostprocessing = 0;
			shellPath = /bin/sh;
			shellScript = "\"${SRCROOT}/Pods/Target Support Files/Pods-TestUITests/Pods-TestUITests-frameworks.sh\"\n";
			showEnvVarsInLog = 0;
		};
		F430BC7D3D5734516F65EF59 /* [CP] Check Pods Manifest.lock */ = {
			isa = PBXShellScriptBuildPhase;
			buildActionMask = 2147483647;
			files = (
			);
			inputPaths = (
			);
			name = "[CP] Check Pods Manifest.lock";
			outputPaths = (
			);
			runOnlyForDeploymentPostprocessing = 0;
			shellPath = /bin/sh;
			shellScript = "diff \"${PODS_ROOT}/../Podfile.lock\" \"${PODS_ROOT}/Manifest.lock\" > /dev/null\nif [ $? != 0 ] ; then\n    # print error to STDERR\n    echo \"error: The sandbox is not in sync with the Podfile.lock. Run 'pod install' or update your CocoaPods installation.\" >&2\n    exit 1\nfi\n";
			showEnvVarsInLog = 0;
		};
/* End PBXShellScriptBuildPhase section */

/* Begin PBXSourcesBuildPhase section */
		3E1706E71E112FBB008C1CD0 /* Sources */ = {
			isa = PBXSourcesBuildPhase;
			buildActionMask = 2147483647;
			files = (
				3E1706F11E112FBC008C1CD0 /* ViewController.swift in Sources */,
				3E1706EF1E112FBC008C1CD0 /* AppDelegate.swift in Sources */,
			);
			runOnlyForDeploymentPostprocessing = 0;
		};
		3E1706FB1E112FBC008C1CD0 /* Sources */ = {
			isa = PBXSourcesBuildPhase;
			buildActionMask = 2147483647;
			files = (
				3E1707041E112FBC008C1CD0 /* TestTests.swift in Sources */,
			);
			runOnlyForDeploymentPostprocessing = 0;
		};
		3E1707061E112FBC008C1CD0 /* Sources */ = {
			isa = PBXSourcesBuildPhase;
			buildActionMask = 2147483647;
			files = (
				3E17070F1E112FBC008C1CD0 /* TestUITests.swift in Sources */,
			);
			runOnlyForDeploymentPostprocessing = 0;
		};
/* End PBXSourcesBuildPhase section */

/* Begin PBXTargetDependency section */
		3E1707011E112FBC008C1CD0 /* PBXTargetDependency */ = {
			isa = PBXTargetDependency;
			target = 3E1706EA1E112FBB008C1CD0 /* Test */;
			targetProxy = 3E1707001E112FBC008C1CD0 /* PBXContainerItemProxy */;
		};
		3E17070C1E112FBC008C1CD0 /* PBXTargetDependency */ = {
			isa = PBXTargetDependency;
			target = 3E1706EA1E112FBB008C1CD0 /* Test */;
			targetProxy = 3E17070B1E112FBC008C1CD0 /* PBXContainerItemProxy */;
		};
/* End PBXTargetDependency section */

/* Begin PBXVariantGroup section */
		3E1706F21E112FBC008C1CD0 /* Main.storyboard */ = {
			isa = PBXVariantGroup;
			children = (
				3E1706F31E112FBC008C1CD0 /* Base */,
			);
			name = Main.storyboard;
			sourceTree = "<group>";
		};
		3E1706F71E112FBC008C1CD0 /* LaunchScreen.storyboard */ = {
			isa = PBXVariantGroup;
			children = (
				3E1706F81E112FBC008C1CD0 /* Base */,
			);
			name = LaunchScreen.storyboard;
			sourceTree = "<group>";
		};
/* End PBXVariantGroup section */

/* Begin XCBuildConfiguration section */
		3E1707111E112FBC008C1CD0 /* Debug */ = {
			isa = XCBuildConfiguration;
			buildSettings = {
				ALWAYS_SEARCH_USER_PATHS = NO;
				CLANG_ANALYZER_NONNULL = YES;
				CLANG_CXX_LANGUAGE_STANDARD = "gnu++0x";
				CLANG_CXX_LIBRARY = "libc++";
				CLANG_ENABLE_MODULES = YES;
				CLANG_ENABLE_OBJC_ARC = YES;
				CLANG_WARN_BOOL_CONVERSION = YES;
				CLANG_WARN_CONSTANT_CONVERSION = YES;
				CLANG_WARN_DIRECT_OBJC_ISA_USAGE = YES_ERROR;
				CLANG_WARN_DOCUMENTATION_COMMENTS = YES;
				CLANG_WARN_EMPTY_BODY = YES;
				CLANG_WARN_ENUM_CONVERSION = YES;
				CLANG_WARN_INFINITE_RECURSION = YES;
				CLANG_WARN_INT_CONVERSION = YES;
				CLANG_WARN_OBJC_ROOT_CLASS = YES_ERROR;
				CLANG_WARN_SUSPICIOUS_MOVE = YES;
				CLANG_WARN_UNREACHABLE_CODE = YES;
				CLANG_WARN__DUPLICATE_METHOD_MATCH = YES;
				"CODE_SIGN_IDENTITY[sdk=iphoneos*]" = "iPhone Developer";
				COPY_PHASE_STRIP = NO;
				DEBUG_INFORMATION_FORMAT = dwarf;
				ENABLE_STRICT_OBJC_MSGSEND = YES;
				ENABLE_TESTABILITY = YES;
				GCC_C_LANGUAGE_STANDARD = gnu99;
				GCC_DYNAMIC_NO_PIC = NO;
				GCC_NO_COMMON_BLOCKS = YES;
				GCC_OPTIMIZATION_LEVEL = 0;
				GCC_PREPROCESSOR_DEFINITIONS = (
					"DEBUG=1",
					"$(inherited)",
				);
				GCC_WARN_64_TO_32_BIT_CONVERSION = YES;
				GCC_WARN_ABOUT_RETURN_TYPE = YES_ERROR;
				GCC_WARN_UNDECLARED_SELECTOR = YES;
				GCC_WARN_UNINITIALIZED_AUTOS = YES_AGGRESSIVE;
				GCC_WARN_UNUSED_FUNCTION = YES;
				GCC_WARN_UNUSED_VARIABLE = YES;
				IPHONEOS_DEPLOYMENT_TARGET = 10.2;
				MTL_ENABLE_DEBUG_INFO = YES;
				ONLY_ACTIVE_ARCH = YES;
				SDKROOT = iphoneos;
				SWIFT_ACTIVE_COMPILATION_CONDITIONS = DEBUG;
				SWIFT_OPTIMIZATION_LEVEL = "-Onone";
				TARGETED_DEVICE_FAMILY = "1,2";
			};
			name = Debug;
		};
		3E1707121E112FBC008C1CD0 /* Release */ = {
			isa = XCBuildConfiguration;
			buildSettings = {
				ALWAYS_SEARCH_USER_PATHS = NO;
				CLANG_ANALYZER_NONNULL = YES;
				CLANG_CXX_LANGUAGE_STANDARD = "gnu++0x";
				CLANG_CXX_LIBRARY = "libc++";
				CLANG_ENABLE_MODULES = YES;
				CLANG_ENABLE_OBJC_ARC = YES;
				CLANG_WARN_BOOL_CONVERSION = YES;
				CLANG_WARN_CONSTANT_CONVERSION = YES;
				CLANG_WARN_DIRECT_OBJC_ISA_USAGE = YES_ERROR;
				CLANG_WARN_DOCUMENTATION_COMMENTS = YES;
				CLANG_WARN_EMPTY_BODY = YES;
				CLANG_WARN_ENUM_CONVERSION = YES;
				CLANG_WARN_INFINITE_RECURSION = YES;
				CLANG_WARN_INT_CONVERSION = YES;
				CLANG_WARN_OBJC_ROOT_CLASS = YES_ERROR;
				CLANG_WARN_SUSPICIOUS_MOVE = YES;
				CLANG_WARN_UNREACHABLE_CODE = YES;
				CLANG_WARN__DUPLICATE_METHOD_MATCH = YES;
				"CODE_SIGN_IDENTITY[sdk=iphoneos*]" = "iPhone Developer";
				COPY_PHASE_STRIP = NO;
				DEBUG_INFORMATION_FORMAT = "dwarf-with-dsym";
				ENABLE_NS_ASSERTIONS = NO;
				ENABLE_STRICT_OBJC_MSGSEND = YES;
				GCC_C_LANGUAGE_STANDARD = gnu99;
				GCC_NO_COMMON_BLOCKS = YES;
				GCC_WARN_64_TO_32_BIT_CONVERSION = YES;
				GCC_WARN_ABOUT_RETURN_TYPE = YES_ERROR;
				GCC_WARN_UNDECLARED_SELECTOR = YES;
				GCC_WARN_UNINITIALIZED_AUTOS = YES_AGGRESSIVE;
				GCC_WARN_UNUSED_FUNCTION = YES;
				GCC_WARN_UNUSED_VARIABLE = YES;
				IPHONEOS_DEPLOYMENT_TARGET = 10.2;
				MTL_ENABLE_DEBUG_INFO = NO;
				SDKROOT = iphoneos;
				SWIFT_OPTIMIZATION_LEVEL = "-Owholemodule";
				TARGETED_DEVICE_FAMILY = "1,2";
				VALIDATE_PRODUCT = YES;
			};
			name = Release;
		};
		3E1707141E112FBC008C1CD0 /* Debug */ = {
			isa = XCBuildConfiguration;
			baseConfigurationReference = 5F12A1535DA362609F2EF630 /* Pods-Test.debug.xcconfig */;
			buildSettings = {
				ASSETCATALOG_COMPILER_APPICON_NAME = AppIcon;
				DEVELOPMENT_TEAM = M3W4ZSSM93;
				INFOPLIST_FILE = Test/Info.plist;
				LD_RUNPATH_SEARCH_PATHS = "$(inherited) @executable_path/Frameworks";
				PRODUCT_BUNDLE_IDENTIFIER = com.nime.app.Test;
				PRODUCT_NAME = "$(TARGET_NAME)";
				SWIFT_VERSION = 3.0;
			};
			name = Debug;
		};
		3E1707151E112FBC008C1CD0 /* Release */ = {
			isa = XCBuildConfiguration;
			baseConfigurationReference = 6AD08C140BDF9FB666A58F13 /* Pods-Test.release.xcconfig */;
			buildSettings = {
				ASSETCATALOG_COMPILER_APPICON_NAME = AppIcon;
				DEVELOPMENT_TEAM = M3W4ZSSM93;
				INFOPLIST_FILE = Test/Info.plist;
				LD_RUNPATH_SEARCH_PATHS = "$(inherited) @executable_path/Frameworks";
				PRODUCT_BUNDLE_IDENTIFIER = com.nime.app.Test;
				PRODUCT_NAME = "$(TARGET_NAME)";
				SWIFT_VERSION = 3.0;
			};
			name = Release;
		};
		3E1707171E112FBC008C1CD0 /* Debug */ = {
			isa = XCBuildConfiguration;
			baseConfigurationReference = AD798F3D26C6C4F2CF2EA6BC /* Pods-TestTests.debug.xcconfig */;
			buildSettings = {
				ALWAYS_EMBED_SWIFT_STANDARD_LIBRARIES = YES;
				BUNDLE_LOADER = "$(TEST_HOST)";
				DEVELOPMENT_TEAM = M3W4ZSSM93;
				INFOPLIST_FILE = TestTests/Info.plist;
				LD_RUNPATH_SEARCH_PATHS = "$(inherited) @executable_path/Frameworks @loader_path/Frameworks";
				PRODUCT_BUNDLE_IDENTIFIER = com.nime.app.TestTests;
				PRODUCT_NAME = "$(TARGET_NAME)";
				SWIFT_VERSION = 3.0;
				TEST_HOST = "$(BUILT_PRODUCTS_DIR)/Test.app/Test";
			};
			name = Debug;
		};
		3E1707181E112FBC008C1CD0 /* Release */ = {
			isa = XCBuildConfiguration;
			baseConfigurationReference = 2DA08E231B5F2FD27B2DA634 /* Pods-TestTests.release.xcconfig */;
			buildSettings = {
				ALWAYS_EMBED_SWIFT_STANDARD_LIBRARIES = YES;
				BUNDLE_LOADER = "$(TEST_HOST)";
				DEVELOPMENT_TEAM = M3W4ZSSM93;
				INFOPLIST_FILE = TestTests/Info.plist;
				LD_RUNPATH_SEARCH_PATHS = "$(inherited) @executable_path/Frameworks @loader_path/Frameworks";
				PRODUCT_BUNDLE_IDENTIFIER = com.nime.app.TestTests;
				PRODUCT_NAME = "$(TARGET_NAME)";
				SWIFT_VERSION = 3.0;
				TEST_HOST = "$(BUILT_PRODUCTS_DIR)/Test.app/Test";
			};
			name = Release;
		};
		3E17071A1E112FBC008C1CD0 /* Debug */ = {
			isa = XCBuildConfiguration;
			baseConfigurationReference = D2F96ECB98B57800BE5E94C7 /* Pods-TestUITests.debug.xcconfig */;
			buildSettings = {
				ALWAYS_EMBED_SWIFT_STANDARD_LIBRARIES = YES;
				DEVELOPMENT_TEAM = M3W4ZSSM93;
				INFOPLIST_FILE = TestUITests/Info.plist;
				LD_RUNPATH_SEARCH_PATHS = "$(inherited) @executable_path/Frameworks @loader_path/Frameworks";
				PRODUCT_BUNDLE_IDENTIFIER = com.nime.app.TestUITests;
				PRODUCT_NAME = "$(TARGET_NAME)";
				SWIFT_VERSION = 3.0;
				TEST_TARGET_NAME = Test;
			};
			name = Debug;
		};
		3E17071B1E112FBC008C1CD0 /* Release */ = {
			isa = XCBuildConfiguration;
			baseConfigurationReference = D78A43745A675A01A18975BF /* Pods-TestUITests.release.xcconfig */;
			buildSettings = {
				ALWAYS_EMBED_SWIFT_STANDARD_LIBRARIES = YES;
				DEVELOPMENT_TEAM = M3W4ZSSM93;
				INFOPLIST_FILE = TestUITests/Info.plist;
				LD_RUNPATH_SEARCH_PATHS = "$(inherited) @executable_path/Frameworks @loader_path/Frameworks";
				PRODUCT_BUNDLE_IDENTIFIER = com.nime.app.TestUITests;
				PRODUCT_NAME = "$(TARGET_NAME)";
				SWIFT_VERSION = 3.0;
				TEST_TARGET_NAME = Test;
			};
			name = Release;
		};
/* End XCBuildConfiguration section */

/* Begin XCConfigurationList section */
		3E1706E61E112FBB008C1CD0 /* Build configuration list for PBXProject "Test" */ = {
			isa = XCConfigurationList;
			buildConfigurations = (
				3E1707111E112FBC008C1CD0 /* Debug */,
				3E1707121E112FBC008C1CD0 /* Release */,
			);
			defaultConfigurationIsVisible = 0;
			defaultConfigurationName = Release;
		};
		3E1707131E112FBC008C1CD0 /* Build configuration list for PBXNativeTarget "Test" */ = {
			isa = XCConfigurationList;
			buildConfigurations = (
				3E1707141E112FBC008C1CD0 /* Debug */,
				3E1707151E112FBC008C1CD0 /* Release */,
			);
			defaultConfigurationIsVisible = 0;
		};
		3E1707161E112FBC008C1CD0 /* Build configuration list for PBXNativeTarget "TestTests" */ = {
			isa = XCConfigurationList;
			buildConfigurations = (
				3E1707171E112FBC008C1CD0 /* Debug */,
				3E1707181E112FBC008C1CD0 /* Release */,
			);
			defaultConfigurationIsVisible = 0;
		};
		3E1707191E112FBC008C1CD0 /* Build configuration list for PBXNativeTarget "TestUITests" */ = {
			isa = XCConfigurationList;
			buildConfigurations = (
				3E17071A1E112FBC008C1CD0 /* Debug */,
				3E17071B1E112FBC008C1CD0 /* Release */,
			);
			defaultConfigurationIsVisible = 0;
		};
/* End XCConfigurationList section */
	};
	rootObject = 3E1706E31E112FBB008C1CD0 /* Project object */;
}
